
Microsoft Visual Studio Solution File, Format Version 12.00
# Visual Studio Version 17
VisualStudioVersion = 17.14.36511.14 d17.14
MinimumVisualStudioVersion = 10.0.40219.1
Project("{FAE04EC0-301F-11D3-BF4B-00C04F79EFBC}") = "FuelCalculator", "FuelCalculator.csproj", "{FBDA46B8-D9D0-4808-8AE7-E4AFCC7A80F2}"
EndProject
Global
	GlobalSection(SolutionConfigurationPlatforms) = preSolution
		Debug|Any CPU = Debug|Any CPU
		Release|Any CPU = Release|Any CPU
	EndGlobalSection
	GlobalSection(ProjectConfigurationPlatforms) = postSolution
		{FBDA46B8-D9D0-4808-8AE7-E4AFCC7A80F2}.Debug|Any CPU.ActiveCfg = Debug|Any CPU
		{FBDA46B8-D9D0-4808-8AE7-E4AFCC7A80F2}.Debug|Any CPU.Build.0 = Debug|Any CPU
		{FBDA46B8-D9D0-4808-8AE7-E4AFCC7A80F2}.Release|Any CPU.ActiveCfg = Release|Any CPU
		{FBDA46B8-D9D0-4808-8AE7-E4AFCC7A80F2}.Release|Any CPU.Build.0 = Release|Any CPU
	EndGlobalSection
	GlobalSection(SolutionProperties) = preSolution
		HideSolutionNode = FALSE
	EndGlobalSection
	GlobalSection(ExtensibilityGlobals) = postSolution
		SolutionGuid = {8B76179C-C809-4373-BD5A-D63F89A64AD7}
	EndGlobalSection
EndGlobal
